// !$*UTF8*$!
{
	archiveVersion = 1;
	classes = {
	};
	objectVersion = 46;
	objects = {

/* Begin PBXBuildFile section */
		5CF9A81D1CBE5A61006147DE /* main.cpp in Sources */ = {isa = PBXBuildFile; fileRef = 5CF9A81C1CBE5A61006147DE /* main.cpp */; };
		5CF9A8251CBE5AF9006147DE /* CBigInteger.cpp in Sources */ = {isa = PBXBuildFile; fileRef = 5CF9A8231CBE5AF9006147DE /* CBigInteger.cpp */; };
/* End PBXBuildFile section */

/* Begin PBXCopyFilesBuildPhase section */
		5CF9A8171CBE5A61006147DE /* CopyFiles */ = {
			isa = PBXCopyFilesBuildPhase;
			buildActionMask = 2147483647;
			dstPath = /usr/share/man/man1/;
			dstSubfolderSpec = 0;
			files = (
			);
			runOnlyForDeploymentPostprocessing = 1;
		};
/* End PBXCopyFilesBuildPhase section */

/* Begin PBXFileReference section */
		5CF9A8191CBE5A61006147DE /* BigInteger */ = {isa = PBXFileReference; explicitFileType = "compiled.mach-o.executable"; includeInIndex = 0; path = BigInteger; sourceTree = BUILT_PRODUCTS_DIR; };
		5CF9A81C1CBE5A61006147DE /* main.cpp */ = {isa = PBXFileReference; lastKnownFileType = sourcecode.cpp.cpp; path = main.cpp; sourceTree = "<group>"; };
		5CF9A8231CBE5AF9006147DE /* CBigInteger.cpp */ = {isa = PBXFileReference; fileEncoding = 4; lastKnownFileType = sourcecode.cpp.cpp; path = CBigInteger.cpp; sourceTree = "<group>"; };
		5CF9A8241CBE5AF9006147DE /* CBigInteger.hpp */ = {isa = PBXFileReference; fileEncoding = 4; lastKnownFileType = sourcecode.cpp.h; path = CBigInteger.hpp; sourceTree = "<group>"; };
/* End PBXFileReference section */

/* Begin PBXFrameworksBuildPhase section */
		5CF9A8161CBE5A61006147DE /* Frameworks */ = {
			isa = PBXFrameworksBuildPhase;
			buildActionMask = 2147483647;
			files = (
			);
			runOnlyForDeploymentPostprocessing = 0;
		};
/* End PBXFrameworksBuildPhase section */

/* Begin PBXGroup section */
		5CF9A8101CBE5A61006147DE = {
			isa = PBXGroup;
			children = (
				5CF9A81B1CBE5A61006147DE /* BigInteger */,
				5CF9A81A1CBE5A61006147DE /* Products */,
			);
			sourceTree = "<group>";
		};
		5CF9A81A1CBE5A61006147DE /* Products */ = {
			isa = PBXGroup;
			children = (
				5CF9A8191CBE5A61006147DE /* BigInteger */,
			);
			name = Products;
			sourceTree = "<group>";
		};
		5CF9A81B1CBE5A61006147DE /* BigInteger */ = {
			isa = PBXGroup;
			children = (
				5CF9A81C1CBE5A61006147DE /* main.cpp */,
				5CF9A8231CBE5AF9006147DE /* CBigInteger.cpp */,
				5CF9A8241CBE5AF9006147DE /* CBigInteger.hpp */,
			);
			path = BigInteger;
			sourceTree = "<group>";
		};
/* End PBXGroup section */

/* Begin PBXNativeTarget section */
		5CF9A8181CBE5A61006147DE /* BigInteger */ = {
			isa = PBXNativeTarget;
			buildConfigurationList = 5CF9A8201CBE5A61006147DE /* Build configuration list for PBXNativeTarget "BigInteger" */;
			buildPhases = (
				5CF9A8151CBE5A61006147DE /* Sources */,
				5CF9A8161CBE5A61006147DE /* Frameworks */,
				5CF9A8171CBE5A61006147DE /* CopyFiles */,
			);
			buildRules = (
			);
			dependencies = (
			);
			name = BigInteger;
			productName = BigInteger;
			productReference = 5CF9A8191CBE5A61006147DE /* BigInteger */;
			productType = "com.apple.product-type.tool";
		};
/* End PBXNativeTarget section */

/* Begin PBXProject section */
		5CF9A8111CBE5A61006147DE /* Project object */ = {
			isa = PBXProject;
			attributes = {
				LastUpgradeCheck = 0720;
				ORGANIZATIONNAME = Evgeny;
				TargetAttributes = {
					5CF9A8181CBE5A61006147DE = {
						CreatedOnToolsVersion = 7.2.1;
					};
				};
			};
			buildConfigurationList = 5CF9A8141CBE5A61006147DE /* Build configuration list for PBXProject "BigInteger" */;
			compatibilityVersion = "Xcode 3.2";
			developmentRegion = English;
			hasScannedForEncodings = 0;
			knownRegions = (
				en,
			);
			mainGroup = 5CF9A8101CBE5A61006147DE;
			productRefGroup = 5CF9A81A1CBE5A61006147DE /* Products */;
			projectDirPath = "";
			projectRoot = "";
			targets = (
				5CF9A8181CBE5A61006147DE /* BigInteger */,
			);
		};
/* End PBXProject section */

/* Begin PBXSourcesBuildPhase section */
		5CF9A8151CBE5A61006147DE /* Sources */ = {
			isa = PBXSourcesBuildPhase;
			buildActionMask = 2147483647;
			files = (
				5CF9A81D1CBE5A61006147DE /* main.cpp in Sources */,
				5CF9A8251CBE5AF9006147DE /* CBigInteger.cpp in Sources */,
			);
			runOnlyForDeploymentPostprocessing = 0;
		};
/* End PBXSourcesBuildPhase section */

/* Begin XCBuildConfiguration section */
		5CF9A81E1CBE5A61006147DE /* Debug */ = {
			isa = XCBuildConfiguration;
			buildSettings = {
				ALWAYS_SEARCH_USER_PATHS = NO;
				CLANG_CXX_LANGUAGE_STANDARD = "gnu++0x";
				CLANG_CXX_LIBRARY = "libc++";
				CLANG_ENABLE_MODULES = YES;
				CLANG_ENABLE_OBJC_ARC = YES;
				CLANG_WARN_BOOL_CONVERSION = YES;
				CLANG_WARN_CONSTANT_CONVERSION = YES;
				CLANG_WARN_DIRECT_OBJC_ISA_USAGE = YES_ERROR;
				CLANG_WARN_EMPTY_BODY = YES;
				CLANG_WARN_ENUM_CONVERSION = YES;
				CLANG_WARN_INT_CONVERSION = YES;
				CLANG_WARN_OBJC_ROOT_CLASS = YES_ERROR;
				CLANG_WARN_UNREACHABLE_CODE = YES;
				CLANG_WARN__DUPLICATE_METHOD_MATCH = YES;
				CODE_SIGN_IDENTITY = "-";
				COPY_PHASE_STRIP = NO;
				DEBUG_INFORMATION_FORMAT = dwarf;
				ENABLE_STRICT_OBJC_MSGSEND = YES;
				ENABLE_TESTABILITY = YES;
				GCC_C_LANGUAGE_STANDARD = gnu99;
				GCC_DYNAMIC_NO_PIC = NO;
				GCC_NO_COMMON_BLOCKS = YES;
				GCC_OPTIMIZATION_LEVEL = 0;
				GCC_PREPROCESSOR_DEFINITIONS = (
					"DEBUG=1",
					"$(inherited)",
				);
				GCC_WARN_64_TO_32_BIT_CONVERSION = YES;
				GCC_WARN_ABOUT_RETURN_TYPE = YES_ERROR;
				GCC_WARN_UNDECLARED_SELECTOR = YES;
				GCC_WARN_UNINITIALIZED_AUTOS = YES_AGGRESSIVE;
				GCC_WARN_UNUSED_FUNCTION = YES;
				GCC_WARN_UNUSED_VARIABLE = YES;
				MACOSX_DEPLOYMENT_TARGET = 10.10;
				MTL_ENABLE_DEBUG_INFO = YES;
				ONLY_ACTIVE_ARCH = YES;
				SDKROOT = macosx;
			};
			name = Debug;
		};
		5CF9A81F1CBE5A61006147DE /* Release */ = {
			isa = XCBuildConfiguration;
			buildSettings = {
				ALWAYS_SEARCH_USER_PATHS = NO;
				CLANG_CXX_LANGUAGE_STANDARD = "gnu++0x";
				CLANG_CXX_LIBRARY = "libc++";
				CLANG_ENABLE_MODULES = YES;
				CLANG_ENABLE_OBJC_ARC = YES;
				CLANG_WARN_BOOL_CONVERSION = YES;
				CLANG_WARN_CONSTANT_CONVERSION = YES;
				CLANG_WARN_DIRECT_OBJC_ISA_USAGE = YES_ERROR;
				CLANG_WARN_EMPTY_BODY = YES;
				CLANG_WARN_ENUM_CONVERSION = YES;
				CLANG_WARN_INT_CONVERSION = YES;
				CLANG_WARN_OBJC_ROOT_CLASS = YES_ERROR;
				CLANG_WARN_UNREACHABLE_CODE = YES;
				CLANG_WARN__DUPLICATE_METHOD_MATCH = YES;
				CODE_SIGN_IDENTITY = "-";
				COPY_PHASE_STRIP = NO;
				DEBUG_INFORMATION_FORMAT = "dwarf-with-dsym";
				ENABLE_NS_ASSERTIONS = NO;
				ENABLE_STRICT_OBJC_MSGSEND = YES;
				GCC_C_LANGUAGE_STANDARD = gnu99;
				GCC_NO_COMMON_BLOCKS = YES;
				GCC_WARN_64_TO_32_BIT_CONVERSION = YES;
				GCC_WARN_ABOUT_RETURN_TYPE = YES_ERROR;
				GCC_WARN_UNDECLARED_SELECTOR = YES;
				GCC_WARN_UNINITIALIZED_AUTOS = YES_AGGRESSIVE;
				GCC_WARN_UNUSED_FUNCTION = YES;
				GCC_WARN_UNUSED_VARIABLE = YES;
				MACOSX_DEPLOYMENT_TARGET = 10.10;
				MTL_ENABLE_DEBUG_INFO = NO;
				SDKROOT = macosx;
			};
			name = Release;
		};
		5CF9A8211CBE5A61006147DE /* Debug */ = {
			isa = XCBuildConfiguration;
			buildSettings = {
				PRODUCT_NAME = "$(TARGET_NAME)";
			};
			name = Debug;
		};
		5CF9A8221CBE5A61006147DE /* Release */ = {
			isa = XCBuildConfiguration;
			buildSettings = {
				PRODUCT_NAME = "$(TARGET_NAME)";
			};
			name = Release;
		};
/* End XCBuildConfiguration section */

/* Begin XCConfigurationList section */
		5CF9A8141CBE5A61006147DE /* Build configuration list for PBXProject "BigInteger" */ = {
			isa = XCConfigurationList;
			buildConfigurations = (
				5CF9A81E1CBE5A61006147DE /* Debug */,
				5CF9A81F1CBE5A61006147DE /* Release */,
			);
			defaultConfigurationIsVisible = 0;
			defaultConfigurationName = Release;
		};
		5CF9A8201CBE5A61006147DE /* Build configuration list for PBXNativeTarget "BigInteger" */ = {
			isa = XCConfigurationList;
			buildConfigurations = (
				5CF9A8211CBE5A61006147DE /* Debug */,
				5CF9A8221CBE5A61006147DE /* Release */,
			);
			defaultConfigurationIsVisible = 0;
		};
/* End XCConfigurationList section */
	};
	rootObject = 5CF9A8111CBE5A61006147DE /* Project object */;
}
